{
  "name": "instant-map",
  "version": "1.0.0",
  "lockfileVersion": 1,
  "requires": true,
  "dependencies": {
    "prebaked-geojson-map": {
      "version": "1.0.1",
      "resolved": "https://registry.npmjs.org/prebaked-geojson-map/-/prebaked-geojson-map-1.0.1.tgz",
      "integrity": "sha512-9yT20WVU5bQB1yleMrTWwGRMNHV4wcVjOC+dXAL+T5tIc4UFIX8HOBvrOXpa33GYOxiAsQxqWvEs4ZGzLI+RxQ=="
    }
  }
}
