{
  "name": "instant-map",
  "version": "1.0.0",
  "lockfileVersion": 1,
  "requires": true,
  "dependencies": {
    "prebaked-geojson-map": {
      "version": "1.0.7",
      "resolved": "https://registry.npmjs.org/prebaked-geojson-map/-/prebaked-geojson-map-1.0.7.tgz",
      "integrity": "sha512-fA0wLbQozI//6dls5J+mRbehkMujwdmlwqTy1VkG6fNHJyPXEb+DDbjcsGtt6V50RWau0USHlBm7FZEtfICNcQ=="
    }
  }
}
