# THIS IS AN AUTOGENERATED FILE. DO NOT EDIT THIS FILE DIRECTLY.
# yarn lockfile v1


prebaked-geojson-map@^1.1.0:
  version "1.1.0"
  resolved "https://registry.yarnpkg.com/prebaked-geojson-map/-/prebaked-geojson-map-1.1.0.tgz#68136248b91a832b6a6f90d0a8599b67747d5b3b"
  integrity sha512-0ggQd0tb5SmneB8n4/9QpcIoMLUiDpj1TjrSZWyTU6dJJWjCA8DuaqhYqBQpwdP9zo+53htJ0nytJORMYwMFwQ==
